# This file was autogenerated by uv via the following command:
#    uv pip compile --universal requirements.txt -o requirements.lock
colorama==0.4.6 ; sys_platform == 'win32'
    # via pytest
imageio==2.37.4
    # via -r requirements.txt
iniconfig==2.3.0
    # via pytest
numpy==2.5.3
    # via
    #   -r requirements.txt
    #   imageio
    #   opencv-python
opencv-python==5.0.0.93
    # via -r requirements.txt
packaging==26.3
    # via pytest
pillow==12.3.0
    # via
    #   -r requirements.txt
    #   imageio
pluggy==1.6.0
    # via pytest
pygame==2.6.1
    # via -r requirements.txt
pygments==2.21.0
    # via pytest
pytest==9.1.1
    # via -r requirements.txt
pyyaml==6.0.3
    # via -r requirements.txt
